
Microsoft Visual Studio Solution File, Format Version 12.00
# Visual Studio Version 17
VisualStudioVersion = 17.3.32929.385
MinimumVisualStudioVersion = 10.0.40219.1
Project("{FAE04EC0-301F-11D3-BF4B-00C04F79EFBC}") = "NZWalks", "NZWalks.csproj", "{5EA875C0-3BA0-4131-8F42-78646146BFB6}"
EndProject
Global
	GlobalSection(SolutionConfigurationPlatforms) = preSolution
		Debug|Any CPU = Debug|Any CPU
		Release|Any CPU = Release|Any CPU
	EndGlobalSection
	GlobalSection(ProjectConfigurationPlatforms) = postSolution
		{5EA875C0-3BA0-4131-8F42-78646146BFB6}.Debug|Any CPU.ActiveCfg = Debug|Any CPU
		{5EA875C0-3BA0-4131-8F42-78646146BFB6}.Debug|Any CPU.Build.0 = Debug|Any CPU
		{5EA875C0-3BA0-4131-8F42-78646146BFB6}.Release|Any CPU.ActiveCfg = Release|Any CPU
		{5EA875C0-3BA0-4131-8F42-78646146BFB6}.Release|Any CPU.Build.0 = Release|Any CPU
	EndGlobalSection
	GlobalSection(SolutionProperties) = preSolution
		HideSolutionNode = FALSE
	EndGlobalSection
	GlobalSection(ExtensibilityGlobals) = postSolution
		SolutionGuid = {5CF73097-5D66-41A4-B240-B9E0409A76DF}
	EndGlobalSection
EndGlobal
